{
    "name": "com.crunchyroll.webos.stream",
    "version": "1.0.0",
    "lockfileVersion": 1,
    "requires": true,
    "dependencies": {
        "@cospired/i18n-iso-languages": {
            "version": "4.1.0",
            "resolved": "https://registry.npmjs.org/@cospired/i18n-iso-languages/-/i18n-iso-languages-4.1.0.tgz",
            "integrity": "sha512-5+JK7YiO9r/FmwtlEPL1tQNt04/9AuN1t9GO/0C2yitqhKwFRa1r7VohNNUnFgB84MW5v4Lwq8ZAUZexuJh1nQ=="
        },
        "@enact/core": {
            "version": "4.7.0",
            "resolved": "https://registry.npmjs.org/@enact/core/-/core-4.7.0.tgz",
            "integrity": "sha512-CSnVc6Vk3rE3LLluhjLAPWKdulGvx2kFVCZ7fwCgQmKt1iED8EbcazJIdzjwXIwtJaRPevh2INN5PXcOTfsjaA==",
            "requires": {
                "classnames": "^2.3.2",
                "invariant": "^2.2.4",
                "prop-types": "^15.8.1",
                "ramda": "^0.28.0",
                "react": "^18.2.0",
                "react-dom": "^18.2.0",
                "react-is": "^18.2.0",
                "warning": "^4.0.3"
            }
        },
        "@enact/i18n": {
            "version": "4.7.0",
            "resolved": "https://registry.npmjs.org/@enact/i18n/-/i18n-4.7.0.tgz",
            "integrity": "sha512-t7UIV9ST9d0bomeV/7lI2kr+LDMweBrm0o9Z0KmuCjPoggBd+sYcLMvoa/xtGMrK2enSp4E8IcTh4927Q3W97Q==",
            "requires": {
                "@enact/core": "^4.7.0",
                "prop-types": "^15.8.1",
                "ramda": "^0.28.0",
                "react": "^18.2.0",
                "react-dom": "^18.2.0",
                "xhr": "^2.6.0"
            }
        },
        "@enact/moonstone": {
            "version": "4.5.3",
            "resolved": "https://registry.npmjs.org/@enact/moonstone/-/moonstone-4.5.3.tgz",
            "integrity": "sha512-dqVh+U2Vwrwl1apGM4jsdL8LAMBFtHpvOfAMpJ3bigXQ6BjKf5YnUDvd46aDfpyPcjF4KbrcLv2By820snJ8VA==",
            "requires": {
                "@enact/core": "^4.7.0",
                "@enact/i18n": "^4.7.0",
                "@enact/spotlight": "^4.7.0",
                "@enact/ui": "^4.7.0",
                "classnames": "^2.3.2",
                "ilib": "^14.17.0",
                "invariant": "^2.2.4",
                "prop-types": "^15.8.1",
                "ramda": "^0.29.0",
                "react": "^18.2.0",
                "react-dom": "^18.2.0",
                "warning": "^4.0.3"
            },
            "dependencies": {
                "ramda": {
                    "version": "0.29.0",
                    "resolved": "https://registry.npmjs.org/ramda/-/ramda-0.29.0.tgz",
                    "integrity": "sha512-BBea6L67bYLtdbOqfp8f58fPMqEwx0doL+pAi8TZyp2YWz8R9G8z9x75CZI8W+ftqhFHCpEX2cRnUUXK130iKA=="
                }
            }
        },
        "@enact/spotlight": {
            "version": "4.7.0",
            "resolved": "https://registry.npmjs.org/@enact/spotlight/-/spotlight-4.7.0.tgz",
            "integrity": "sha512-PCW+RQC2dFpBbSO2BKO1VyfhOH0o9aykxFlfLxwwm7+f+KeFSJlutZ/BGzVKayubWndGNflSSwUq8bl7eDfeVQ==",
            "requires": {
                "@enact/core": "^4.7.0",
                "classnames": "^2.3.2",
                "prop-types": "^15.8.1",
                "ramda": "^0.28.0",
                "react": "^18.2.0",
                "react-dom": "^18.2.0",
                "warning": "^4.0.3"
            }
        },
        "@enact/ui": {
            "version": "4.7.0",
            "resolved": "https://registry.npmjs.org/@enact/ui/-/ui-4.7.0.tgz",
            "integrity": "sha512-vlzUXNEmUjwsXqruA9zL22FtYN94g4Yh9Kt/tq4Lg1UuILvdyly96uB7uk2tR0QJQF+P9BxOL8j4S08yJ98Dgw==",
            "requires": {
                "@enact/core": "^4.7.0",
                "classnames": "^2.3.2",
                "direction": "^1.0.4",
                "invariant": "^2.2.4",
                "prop-types": "^15.8.1",
                "ramda": "^0.28.0",
                "react": "^18.2.0",
                "react-dom": "^18.2.0",
                "react-is": "^18.2.0",
                "warning": "^4.0.3"
            }
        },
        "@enact/webos": {
            "version": "4.7.0",
            "resolved": "https://registry.npmjs.org/@enact/webos/-/webos-4.7.0.tgz",
            "integrity": "sha512-n9slmRi2hmP5792ZYfraKIaQYmH/IZ42UHT7oDpGGx0AQJLxvzZgc58y1e1+pWu8RyiB+VdomRe3kV/yra/hfA==",
            "requires": {
                "@enact/core": "^4.7.0",
                "prop-types": "^15.8.1",
                "react": "^18.2.0",
                "react-dom": "^18.2.0"
            }
        },
        "@types/webostvjs": {
            "version": "1.2.2",
            "resolved": "https://registry.npmjs.org/@types/webostvjs/-/webostvjs-1.2.2.tgz",
            "integrity": "sha512-3Koe8/MGTZjHWFSDBJnkLWV9Ap/pfiJMD06DkFSdDWuZL8NZyz6vvJal0sbUivoJEiKbDFR8SO5qATVoOqPIsw==",
            "dev": true
        },
        "classnames": {
            "version": "2.3.2",
            "resolved": "https://registry.npmjs.org/classnames/-/classnames-2.3.2.tgz",
            "integrity": "sha512-CSbhY4cFEJRe6/GQzIk5qXZ4Jeg5pcsP7b5peFSDpffpe1cqjASH/n9UTjBwOp6XpMSTwQ8Za2K5V02ueA7Tmw=="
        },
        "crunchyroll-js-api": {
            "version": "git+https://github.com/ediaz23/crunchyroll-js-api.git#c65e7308b46785cb9c7c0a10f1c99d9306be4275",
            "from": "git+https://github.com/ediaz23/crunchyroll-js-api.git"
        },
        "diacritics": {
            "version": "1.3.0",
            "resolved": "https://registry.npmjs.org/diacritics/-/diacritics-1.3.0.tgz",
            "integrity": "sha512-wlwEkqcsaxvPJML+rDh/2iS824jbREk6DUMUKkEaSlxdYHeS43cClJtsWglvw2RfeXGm6ohKDqsXteJ5sP5enA=="
        },
        "direction": {
            "version": "1.0.4",
            "resolved": "https://registry.npmjs.org/direction/-/direction-1.0.4.tgz",
            "integrity": "sha512-GYqKi1aH7PJXxdhTeZBFrg8vUBeKXi+cNprXsC1kpJcbcVnV9wBsrOu1cQEdG0WeQwlfHiy3XvnKfIrJ2R0NzQ=="
        },
        "dom-walk": {
            "version": "0.1.2",
            "resolved": "https://registry.npmjs.org/dom-walk/-/dom-walk-0.1.2.tgz",
            "integrity": "sha512-6QvTW9mrGeIegrFXdtQi9pk7O/nSK6lSdXW2eqUspN5LWD7UTji2Fqw5V2YLjBpHEoU9Xl/eUWNpDeZvoyOv2w=="
        },
        "eslint-config-enact-proxy": {
            "version": "1.0.5",
            "resolved": "https://registry.npmjs.org/eslint-config-enact-proxy/-/eslint-config-enact-proxy-1.0.5.tgz",
            "integrity": "sha512-nT7FITn13xnzElwvF58Psq9QNYe8iovpzKvufqTKsuKc4rJTjBKg8DBCtoNH7W2QsetCUYRtH0HqD7JKIuxYBQ==",
            "dev": true,
            "requires": {
                "semver": "^7.3.7"
            },
            "dependencies": {
                "lru-cache": {
                    "version": "6.0.0",
                    "resolved": "https://registry.npmjs.org/lru-cache/-/lru-cache-6.0.0.tgz",
                    "integrity": "sha512-Jo6dJ04CmSjuznwJSS3pUeWmd/H0ffTlkXXgwZi+eq1UCmqQwCh+eLsYOYCwY991i2Fah4h1BEMCx4qThGbsiA==",
                    "dev": true,
                    "requires": {
                        "yallist": "^4.0.0"
                    }
                },
                "semver": {
                    "version": "7.3.7",
                    "resolved": "https://registry.npmjs.org/semver/-/semver-7.3.7.tgz",
                    "integrity": "sha512-QlYTucUYOews+WeEujDoEGziz4K6c47V/Bd+LjSSYcA94p+DmINdf7ncaUinThfvZyu13lN9OY1XDxt8C0Tw0g==",
                    "dev": true,
                    "requires": {
                        "lru-cache": "^6.0.0"
                    }
                },
                "yallist": {
                    "version": "4.0.0",
                    "resolved": "https://registry.npmjs.org/yallist/-/yallist-4.0.0.tgz",
                    "integrity": "sha512-3wdGidZyq5PB084XLES5TpOSRA3wjXAlIWMhum2kRcv/41Sn2emQ0dycQW4uZXLejwKvg6EsvbdlVL+FYEct7A==",
                    "dev": true
                }
            }
        },
        "global": {
            "version": "4.4.0",
            "resolved": "https://registry.npmjs.org/global/-/global-4.4.0.tgz",
            "integrity": "sha512-wv/LAoHdRE3BeTGz53FAamhGlPLhlssK45usmGFThIi4XqnBmjKQ16u+RNbP7WvigRZDxUsM0J3gcQ5yicaL0w==",
            "requires": {
                "min-document": "^2.19.0",
                "process": "^0.11.10"
            }
        },
        "hamt_plus": {
            "version": "1.0.2",
            "resolved": "https://registry.npmjs.org/hamt_plus/-/hamt_plus-1.0.2.tgz",
            "integrity": "sha512-t2JXKaehnMb9paaYA7J0BX8QQAY8lwfQ9Gjf4pg/mk4krt+cmwmU652HOoWonf+7+EQV97ARPMhhVgU1ra2GhA=="
        },
        "i18n-iso-countries": {
            "version": "7.6.0",
            "resolved": "https://registry.npmjs.org/i18n-iso-countries/-/i18n-iso-countries-7.6.0.tgz",
            "integrity": "sha512-HPKjOUKS0BkjiY4ayrsuFbu7Ock++pXLs+FAOYl4WfTL5L0ploEH68fiRAP6Zev5g/jvMFt54KcPGJcb942wbg==",
            "requires": {
                "diacritics": "1.3.0"
            }
        },
        "ilib": {
            "version": "14.17.0",
            "resolved": "https://registry.npmjs.org/ilib/-/ilib-14.17.0.tgz",
            "integrity": "sha512-b39YKZVtn3oDwVQsDCqzVvTzOFzv1pwi7n9noa0FDmei+Ak0taEO52K77854FdMBCY2n9/vbXXJyupAmt5Zl9w=="
        },
        "invariant": {
            "version": "2.2.4",
            "resolved": "https://registry.npmjs.org/invariant/-/invariant-2.2.4.tgz",
            "integrity": "sha512-phJfQVBuaJM5raOpJjSfkiD6BpbCE4Ns//LaXl6wGYtUBY83nWS6Rf9tXm2e8VaK60JEjYldbPif/A2B1C2gNA==",
            "requires": {
                "loose-envify": "^1.0.0"
            }
        },
        "is-function": {
            "version": "1.0.2",
            "resolved": "https://registry.npmjs.org/is-function/-/is-function-1.0.2.tgz",
            "integrity": "sha512-lw7DUp0aWXYg+CBCN+JKkcE0Q2RayZnSvnZBlwgxHBQhqt5pZNVy4Ri7H9GmmXkdu7LUthszM+Tor1u/2iBcpQ=="
        },
        "js-tokens": {
            "version": "4.0.0",
            "resolved": "https://registry.npmjs.org/js-tokens/-/js-tokens-4.0.0.tgz",
            "integrity": "sha512-RdJUflcE3cUzKiMqQgsCu06FPu9UdIJO0beYbPhHN4k6apgJtifcoCtT9bcxOpYBtpD2kCM6Sbzg4CausW/PKQ=="
        },
        "loose-envify": {
            "version": "1.4.0",
            "resolved": "https://registry.npmjs.org/loose-envify/-/loose-envify-1.4.0.tgz",
            "integrity": "sha512-lyuxPGr/Wfhrlem2CL/UcnUc1zcqKAImBDzukY7Y5F/yQiNdko6+fRLevlw1HgMySw7f611UIY408EtxRSoK3Q==",
            "requires": {
                "js-tokens": "^3.0.0 || ^4.0.0"
            }
        },
        "min-document": {
            "version": "2.19.0",
            "resolved": "https://registry.npmjs.org/min-document/-/min-document-2.19.0.tgz",
            "integrity": "sha512-9Wy1B3m3f66bPPmU5hdA4DR4PB2OfDU/+GS3yAB7IQozE3tqXaVv2zOjgla7MEGSRv95+ILmOuvhLkOK6wJtCQ==",
            "requires": {
                "dom-walk": "^0.1.0"
            }
        },
        "object-assign": {
            "version": "4.1.1",
            "resolved": "https://registry.npmjs.org/object-assign/-/object-assign-4.1.1.tgz",
            "integrity": "sha512-rJgTQnkUnH1sFw8yT6VSU3zD3sWmu6sZhIseY8VX+GRu3P6F7Fu+JNDoXfklElbLJSnc3FUQHVe4cU5hj+BcUg=="
        },
        "parse-headers": {
            "version": "2.0.5",
            "resolved": "https://registry.npmjs.org/parse-headers/-/parse-headers-2.0.5.tgz",
            "integrity": "sha512-ft3iAoLOB/MlwbNXgzy43SWGP6sQki2jQvAyBg/zDFAgr9bfNWZIUj42Kw2eJIl8kEi4PbgE6U1Zau/HwI75HA=="
        },
        "process": {
            "version": "0.11.10",
            "resolved": "https://registry.npmjs.org/process/-/process-0.11.10.tgz",
            "integrity": "sha512-cdGef/drWFoydD1JsMzuFf8100nZl+GT+yacc2bEced5f9Rjk4z+WtFUTBu9PhOi9j/jfmBPu0mMEY4wIdAF8A=="
        },
        "prop-types": {
            "version": "15.8.1",
            "resolved": "https://registry.npmjs.org/prop-types/-/prop-types-15.8.1.tgz",
            "integrity": "sha512-oj87CgZICdulUohogVAR7AjlC0327U4el4L6eAvOqCeudMDVU0NThNaV+b9Df4dXgSP1gXMTnPdhfe/2qDH5cg==",
            "requires": {
                "loose-envify": "^1.4.0",
                "object-assign": "^4.1.1",
                "react-is": "^16.13.1"
            },
            "dependencies": {
                "react-is": {
                    "version": "16.13.1",
                    "resolved": "https://registry.npmjs.org/react-is/-/react-is-16.13.1.tgz",
                    "integrity": "sha512-24e6ynE2H+OKt4kqsOvNd8kBpV65zoxbA4BVsEOB3ARVWQki/DHzaUoC5KuON/BiccDaCCTZBuOcfZs70kR8bQ=="
                }
            }
        },
        "ramda": {
            "version": "0.28.0",
            "resolved": "https://registry.npmjs.org/ramda/-/ramda-0.28.0.tgz",
            "integrity": "sha512-9QnLuG/kPVgWvMQ4aODhsBUFKOUmnbUnsSXACv+NCQZcHbeb+v8Lodp8OVxtRULN1/xOyYLLaL6npE6dMq5QTA=="
        },
        "react": {
            "version": "18.2.0",
            "resolved": "https://registry.npmjs.org/react/-/react-18.2.0.tgz",
            "integrity": "sha512-/3IjMdb2L9QbBdWiW5e3P2/npwMBaU9mHCSCUzNln0ZCYbcfTsGbTJrU/kGemdH2IWmB2ioZ+zkxtmq6g09fGQ==",
            "requires": {
                "loose-envify": "^1.1.0"
            }
        },
        "react-dom": {
            "version": "18.2.0",
            "resolved": "https://registry.npmjs.org/react-dom/-/react-dom-18.2.0.tgz",
            "integrity": "sha512-6IMTriUmvsjHUjNtEDudZfuDQUoWXVxKHhlEGSk81n4YFS+r/Kl99wXiwlVXtPBtJenozv2P+hxDsw9eA7Xo6g==",
            "requires": {
                "loose-envify": "^1.1.0",
                "scheduler": "^0.23.0"
            }
        },
        "react-error-overlay": {
            "version": "6.0.9",
            "resolved": "https://registry.npmjs.org/react-error-overlay/-/react-error-overlay-6.0.9.tgz",
            "integrity": "sha512-nQTTcUu+ATDbrSD1BZHr5kgSD4oF8OFjxun8uAaL8RwPBacGBNPf/yAuVVdx17N8XNzRDMrZ9XcKZHCjPW+9ew==",
            "dev": true
        },
        "react-is": {
            "version": "18.2.0",
            "resolved": "https://registry.npmjs.org/react-is/-/react-is-18.2.0.tgz",
            "integrity": "sha512-xWGDIW6x921xtzPkhiULtthJHoJvBbF3q26fzloPCK0hsvxtPVelvftw3zjbHWSkR2km9Z+4uxbDDK/6Zw9B8w=="
        },
        "recoil": {
            "version": "0.7.7",
            "resolved": "https://registry.npmjs.org/recoil/-/recoil-0.7.7.tgz",
            "integrity": "sha512-8Og5KPQW9LwC577Vc7Ug2P0vQshkv1y3zG3tSSkWMqkWSwHmE+by06L8JtnGocjW6gcCvfwB3YtrJG6/tWivNQ==",
            "requires": {
                "hamt_plus": "1.0.2"
            }
        },
        "scheduler": {
            "version": "0.23.0",
            "resolved": "https://registry.npmjs.org/scheduler/-/scheduler-0.23.0.tgz",
            "integrity": "sha512-CtuThmgHNg7zIZWAXi3AsyIzA3n4xx7aNyjwC2VJldO2LMVDhFK+63xGqq6CsJH4rTAt6/M+N4GhZiDYPx9eUw==",
            "requires": {
                "loose-envify": "^1.1.0"
            }
        },
        "warning": {
            "version": "4.0.3",
            "resolved": "https://registry.npmjs.org/warning/-/warning-4.0.3.tgz",
            "integrity": "sha512-rpJyN222KWIvHJ/F53XSZv0Zl/accqHR8et1kpaMTD/fLCRxtV8iX8czMzY7sVZupTI3zcUTg8eycS2kNF9l6w==",
            "requires": {
                "loose-envify": "^1.0.0"
            }
        },
        "web-vitals": {
            "version": "3.3.1",
            "resolved": "https://registry.npmjs.org/web-vitals/-/web-vitals-3.3.1.tgz",
            "integrity": "sha512-LTfY5GjcY3ngFzNsYFSYL+AmVmlWrzPTUxSMDis2rZbf+SzT7HH3NH4Y/l45XOlrAIunOBeURN9qtBHkRskAiA=="
        },
        "webostvjs": {
            "version": "1.2.5",
            "resolved": "https://registry.npmjs.org/webostvjs/-/webostvjs-1.2.5.tgz",
            "integrity": "sha512-e3sSCOCHFy3cz2r6RVDXz+tZF2HpVTdioPCMt3UBtN6mpzXOVwN4NtXPPKpdNBMasb9PwzKtgoiUPd7GNDrYYw=="
        },
        "xhr": {
            "version": "2.6.0",
            "resolved": "https://registry.npmjs.org/xhr/-/xhr-2.6.0.tgz",
            "integrity": "sha512-/eCGLb5rxjx5e3mF1A7s+pLlR6CGyqWN91fv1JgER5mVWg1MZmlhBvy9kjcsOdRk8RrIujotWyJamfyrp+WIcA==",
            "requires": {
                "global": "~4.4.0",
                "is-function": "^1.0.1",
                "parse-headers": "^2.0.0",
                "xtend": "^4.0.0"
            }
        },
        "xtend": {
            "version": "4.0.2",
            "resolved": "https://registry.npmjs.org/xtend/-/xtend-4.0.2.tgz",
            "integrity": "sha512-LKYU1iAXJXUgAXn9URjiu+MWhyUXHsvfp7mcuYm9dSUKK0/CjtrUwFAxD82/mCWbtLsGjFIad0wIsod4zrTAEQ=="
        }
    }
}
